github.com/dblohm7/wingoes v0.0.0-20260526185140-fb298caac7ca h1:h1Awca4lQOspNR/2eeo04Ricn5NixDX9mb17WSAgLhQ=
github.com/dblohm7/wingoes v0.0.0-20260526185140-fb298caac7ca/go.mod h1:2TGl1jRJrRpbzykmg7asHm3h08TqutUgQqY5v9k/g3c=
github.com/ebitengine/purego v0.11.1 h1:2zpWRSQNVKN4eKsKO9eM1ILDgWfYMY9GwqRmK6XeQ/0=
github.com/ebitengine/purego v0.11.1/go.mod h1:DCHPP08djqhNSoTfImcnHYQRZmd0qhakvrozqaEYhGQ=
github.com/gen2brain/shm v0.2.2 h1:CmyCEXB392Mva9kdpec09CAhVZJIx9YhA/CFoWke0iE=
github.com/gen2brain/shm v0.2.2/go.mod h1:UgIcVtvmOu+aCJpqJX7GOtiN7X2ct+TKLg4RTxwPIUA=
github.com/godbus/dbus/v5 v5.2.2 h1:TUR3TgtSVDmjiXOgAAyaZbYmIeP3DPkld3jgKGV8mXQ=
github.com/godbus/dbus/v5 v5.2.2/go.mod h1:3AAv2+hPq5rdnr5txxxRwiGjPXamgoIHgz9FPBfOp3c=
github.com/jezek/xgb v1.3.1 h1:NQCAEfQyzN+3RjWUSHBuVIxQcy2YfG3/mNvKfs/0rEg=
github.com/jezek/xgb v1.3.1/go.mod h1:nrhwO0FX/enq75I7Y7G8iN1ubpSGZEiA3v9e9GyRFlk=
github.com/nfnt/resize v0.0.0-20180221191011-83c6a9932646 h1:zYyBkD/k9seD2A7fsi6Oo2LfFZAehjjQMERAvZLEDnQ=
github.com/nfnt/resize v0.0.0-20180221191011-83c6a9932646/go.mod h1:jpp1/29i3P1S/RLdc7JQKbRpFeM1dOBd8T9ki5s+AY8=
github.com/tailscale/win v0.0.0-20260619195133-2d76c33a64c1 h1:QzOW7bZOlg5/hi1W6dStSN9qazTHkHj5kO7sTA5aymY=
github.com/tailscale/win v0.0.0-20260619195133-2d76c33a64c1/go.mod h1:vwG7VvIPzIYNJd0Nio6PZW7yr8KNNFEc8EVQ+J/B4bk=
github.com/tc-hib/winres v0.2.1 h1:YDE0FiP0VmtRaDn7+aaChp1KiF4owBiJa5l964l5ujA=
github.com/tc-hib/winres v0.2.1/go.mod h1:C/JaNhH3KBvhNKVbvdlDWkbMDO9H4fKKDaN7/07SSuk=
golang.org/x/exp v0.0.0-20260908205506-85c1c2202aba h1:Ck8QetSgk912qxWLMCKxd0in+aiyBQyDSMae6e/xmpU=
golang.org/x/exp v0.0.0-20260908205506-85c1c2202aba/go.mod h1:50RgIsmK7OwqzTTeqcSXQW8SswW0o8fRcDxmqGluJ8E=
golang.org/x/image v0.12.0 h1:w13vZbU4o5rKOFFR8y7M+c4A5jXDC0uXTdHYRP8X2DQ=
golang.org/x/image v0.12.0/go.mod h1:Lu90jvHG7GfemOIcldsh9A2hS01ocl6oNO7ype5mEnk=
golang.org/x/sys v0.48.0 h1:bbX/i/6MgT9BVLM9RT1thmxL04yeTAhbEz4SyadbXoo=
golang.org/x/sys v0.48.0/go.mod h1:hNLxWAXmnKAxqDtdwIYC4bM9oQPEecfsnNMuSxOs3og=
